
Microsoft Visual Studio Solution File, Format Version 12.00
# Visual Studio 2013
VisualStudioVersion = 12.0.31101.0
MinimumVisualStudioVersion = 10.0.40219.1
Project("{FAE04EC0-301F-11D3-BF4B-00C04F79EFBC}") = "ASPPatterns.Chap2.Service", "ASPPatterns.Chap2.Service\ASPPatterns.Chap2.Service.csproj", "{A7A21F34-17C6-4229-ACB3-7AF80DE228FD}"
EndProject
Global
	GlobalSection(SolutionConfigurationPlatforms) = preSolution
		Debug|Any CPU = Debug|Any CPU
		Release|Any CPU = Release|Any CPU
	EndGlobalSection
	GlobalSection(ProjectConfigurationPlatforms) = postSolution
		{A7A21F34-17C6-4229-ACB3-7AF80DE228FD}.Debug|Any CPU.ActiveCfg = Debug|Any CPU
		{A7A21F34-17C6-4229-ACB3-7AF80DE228FD}.Debug|Any CPU.Build.0 = Debug|Any CPU
		{A7A21F34-17C6-4229-ACB3-7AF80DE228FD}.Release|Any CPU.ActiveCfg = Release|Any CPU
		{A7A21F34-17C6-4229-ACB3-7AF80DE228FD}.Release|Any CPU.Build.0 = Release|Any CPU
	EndGlobalSection
	GlobalSection(SolutionProperties) = preSolution
		HideSolutionNode = FALSE
	EndGlobalSection
EndGlobal
